
Microsoft Visual Studio Solution File, Format Version 12.00
# Visual Studio 15
VisualStudioVersion = 15.0.28010.2041
MinimumVisualStudioVersion = 10.0.40219.1
Project("{FAE04EC0-301F-11D3-BF4B-00C04F79EFBC}") = "Entidades", "Entidades\Entidades.csproj", "{0F447A61-99CD-4BC6-9004-8B39FF4E66D4}"
EndProject
Project("{FAE04EC0-301F-11D3-BF4B-00C04F79EFBC}") = "MainCorreo", "MainCorreo\MainCorreo.csproj", "{004553DC-BA11-4A5B-9814-F4F131CA66B3}"
EndProject
Project("{FAE04EC0-301F-11D3-BF4B-00C04F79EFBC}") = "TestUnitario", "TestUnitario\TestUnitario.csproj", "{1C77D59B-8F38-4D1B-A140-C51B093EA4F6}"
EndProject
Global
	GlobalSection(SolutionConfigurationPlatforms) = preSolution
		Debug|Any CPU = Debug|Any CPU
		Release|Any CPU = Release|Any CPU
	EndGlobalSection
	GlobalSection(ProjectConfigurationPlatforms) = postSolution
		{0F447A61-99CD-4BC6-9004-8B39FF4E66D4}.Debug|Any CPU.ActiveCfg = Debug|Any CPU
		{0F447A61-99CD-4BC6-9004-8B39FF4E66D4}.Debug|Any CPU.Build.0 = Debug|Any CPU
		{0F447A61-99CD-4BC6-9004-8B39FF4E66D4}.Release|Any CPU.ActiveCfg = Release|Any CPU
		{0F447A61-99CD-4BC6-9004-8B39FF4E66D4}.Release|Any CPU.Build.0 = Release|Any CPU
		{004553DC-BA11-4A5B-9814-F4F131CA66B3}.Debug|Any CPU.ActiveCfg = Debug|Any CPU
		{004553DC-BA11-4A5B-9814-F4F131CA66B3}.Debug|Any CPU.Build.0 = Debug|Any CPU
		{004553DC-BA11-4A5B-9814-F4F131CA66B3}.Release|Any CPU.ActiveCfg = Release|Any CPU
		{004553DC-BA11-4A5B-9814-F4F131CA66B3}.Release|Any CPU.Build.0 = Release|Any CPU
		{1C77D59B-8F38-4D1B-A140-C51B093EA4F6}.Debug|Any CPU.ActiveCfg = Debug|Any CPU
		{1C77D59B-8F38-4D1B-A140-C51B093EA4F6}.Debug|Any CPU.Build.0 = Debug|Any CPU
		{1C77D59B-8F38-4D1B-A140-C51B093EA4F6}.Release|Any CPU.ActiveCfg = Release|Any CPU
		{1C77D59B-8F38-4D1B-A140-C51B093EA4F6}.Release|Any CPU.Build.0 = Release|Any CPU
	EndGlobalSection
	GlobalSection(SolutionProperties) = preSolution
		HideSolutionNode = FALSE
	EndGlobalSection
	GlobalSection(ExtensibilityGlobals) = postSolution
		SolutionGuid = {5B00AA43-31E4-4BD5-AA7F-1E19E4474F3C}
	EndGlobalSection
EndGlobal
